
Microsoft Visual Studio Solution File, Format Version 12.00
# Visual Studio Version 16
VisualStudioVersion = 16.0.31829.152
MinimumVisualStudioVersion = 10.0.40219.1
Project("{2150E333-8FDC-42A3-9474-1A3956D46DE8}") = "Library", "Library", "{9C4E2AE6-D473-494E-88B1-43C74432CD82}"
EndProject
Project("{FAE04EC0-301F-11D3-BF4B-00C04F79EFBC}") = "Core", "Library\Core\Core.csproj", "{70EECC17-1D6E-4A69-81D9-7140BF21DDBF}"
EndProject
Project("{FAE04EC0-301F-11D3-BF4B-00C04F79EFBC}") = "Dtos", "Library\Dtos\Dtos.csproj", "{479B8354-C543-4C5B-AF3E-07A11B513000}"
EndProject
Project("{FAE04EC0-301F-11D3-BF4B-00C04F79EFBC}") = "Entities", "Library\Entities\Entities.csproj", "{7D014241-390B-4313-A9B5-CD35E5B3AF5D}"
EndProject
Project("{FAE04EC0-301F-11D3-BF4B-00C04F79EFBC}") = "Repository", "Library\Repository\Repository.csproj", "{4FCC4ECD-DCE7-471D-A042-085DB9CFAD55}"
EndProject
Project("{2150E333-8FDC-42A3-9474-1A3956D46DE8}") = "Services", "Services", "{2828446C-67F2-4502-8EBC-B0E8C35EE25D}"
EndProject
Project("{FAE04EC0-301F-11D3-BF4B-00C04F79EFBC}") = "CategoryService", "Services\CategoryService\CategoryService.csproj", "{378AA87A-4F04-454E-AB5D-37D2D03732A0}"
EndProject
Project("{FAE04EC0-301F-11D3-BF4B-00C04F79EFBC}") = "ProductService", "Services\ProductService\ProductService.csproj", "{59BD56F1-7B85-4655-AB25-BDE373EBACA1}"
EndProject
Project("{FAE04EC0-301F-11D3-BF4B-00C04F79EFBC}") = "ApiGateway", "ApiGateway\ApiGateway.csproj", "{3AE0A4D3-9527-464B-BA94-6BF7186755B3}"
EndProject
Project("{FAE04EC0-301F-11D3-BF4B-00C04F79EFBC}") = "AuthApi", "AuthApi\AuthApi.csproj", "{1D3E3CA2-2EF0-4117-81F1-B9397514E758}"
EndProject
Project("{FAE04EC0-301F-11D3-BF4B-00C04F79EFBC}") = "CategoryApi", "CategoryApi\CategoryApi.csproj", "{107AB9E8-4535-4BF5-A4CA-16C17EED0704}"
EndProject
Project("{FAE04EC0-301F-11D3-BF4B-00C04F79EFBC}") = "ProductApi", "ProductApi\ProductApi.csproj", "{EB72D828-A1DE-4A25-AD8C-AD7671B68FC5}"
EndProject
Global
	GlobalSection(SolutionConfigurationPlatforms) = preSolution
		Debug|Any CPU = Debug|Any CPU
		Release|Any CPU = Release|Any CPU
	EndGlobalSection
	GlobalSection(ProjectConfigurationPlatforms) = postSolution
		{70EECC17-1D6E-4A69-81D9-7140BF21DDBF}.Debug|Any CPU.ActiveCfg = Debug|Any CPU
		{70EECC17-1D6E-4A69-81D9-7140BF21DDBF}.Debug|Any CPU.Build.0 = Debug|Any CPU
		{70EECC17-1D6E-4A69-81D9-7140BF21DDBF}.Release|Any CPU.ActiveCfg = Release|Any CPU
		{70EECC17-1D6E-4A69-81D9-7140BF21DDBF}.Release|Any CPU.Build.0 = Release|Any CPU
		{479B8354-C543-4C5B-AF3E-07A11B513000}.Debug|Any CPU.ActiveCfg = Debug|Any CPU
		{479B8354-C543-4C5B-AF3E-07A11B513000}.Debug|Any CPU.Build.0 = Debug|Any CPU
		{479B8354-C543-4C5B-AF3E-07A11B513000}.Release|Any CPU.ActiveCfg = Release|Any CPU
		{479B8354-C543-4C5B-AF3E-07A11B513000}.Release|Any CPU.Build.0 = Release|Any CPU
		{7D014241-390B-4313-A9B5-CD35E5B3AF5D}.Debug|Any CPU.ActiveCfg = Debug|Any CPU
		{7D014241-390B-4313-A9B5-CD35E5B3AF5D}.Debug|Any CPU.Build.0 = Debug|Any CPU
		{7D014241-390B-4313-A9B5-CD35E5B3AF5D}.Release|Any CPU.ActiveCfg = Release|Any CPU
		{7D014241-390B-4313-A9B5-CD35E5B3AF5D}.Release|Any CPU.Build.0 = Release|Any CPU
		{4FCC4ECD-DCE7-471D-A042-085DB9CFAD55}.Debug|Any CPU.ActiveCfg = Debug|Any CPU
		{4FCC4ECD-DCE7-471D-A042-085DB9CFAD55}.Debug|Any CPU.Build.0 = Debug|Any CPU
		{4FCC4ECD-DCE7-471D-A042-085DB9CFAD55}.Release|Any CPU.ActiveCfg = Release|Any CPU
		{4FCC4ECD-DCE7-471D-A042-085DB9CFAD55}.Release|Any CPU.Build.0 = Release|Any CPU
		{378AA87A-4F04-454E-AB5D-37D2D03732A0}.Debug|Any CPU.ActiveCfg = Debug|Any CPU
		{378AA87A-4F04-454E-AB5D-37D2D03732A0}.Debug|Any CPU.Build.0 = Debug|Any CPU
		{378AA87A-4F04-454E-AB5D-37D2D03732A0}.Release|Any CPU.ActiveCfg = Release|Any CPU
		{378AA87A-4F04-454E-AB5D-37D2D03732A0}.Release|Any CPU.Build.0 = Release|Any CPU
		{59BD56F1-7B85-4655-AB25-BDE373EBACA1}.Debug|Any CPU.ActiveCfg = Debug|Any CPU
		{59BD56F1-7B85-4655-AB25-BDE373EBACA1}.Debug|Any CPU.Build.0 = Debug|Any CPU
		{59BD56F1-7B85-4655-AB25-BDE373EBACA1}.Release|Any CPU.ActiveCfg = Release|Any CPU
		{59BD56F1-7B85-4655-AB25-BDE373EBACA1}.Release|Any CPU.Build.0 = Release|Any CPU
		{3AE0A4D3-9527-464B-BA94-6BF7186755B3}.Debug|Any CPU.ActiveCfg = Debug|Any CPU
		{3AE0A4D3-9527-464B-BA94-6BF7186755B3}.Debug|Any CPU.Build.0 = Debug|Any CPU
		{3AE0A4D3-9527-464B-BA94-6BF7186755B3}.Release|Any CPU.ActiveCfg = Release|Any CPU
		{3AE0A4D3-9527-464B-BA94-6BF7186755B3}.Release|Any CPU.Build.0 = Release|Any CPU
		{1D3E3CA2-2EF0-4117-81F1-B9397514E758}.Debug|Any CPU.ActiveCfg = Debug|Any CPU
		{1D3E3CA2-2EF0-4117-81F1-B9397514E758}.Debug|Any CPU.Build.0 = Debug|Any CPU
		{1D3E3CA2-2EF0-4117-81F1-B9397514E758}.Release|Any CPU.ActiveCfg = Release|Any CPU
		{1D3E3CA2-2EF0-4117-81F1-B9397514E758}.Release|Any CPU.Build.0 = Release|Any CPU
		{107AB9E8-4535-4BF5-A4CA-16C17EED0704}.Debug|Any CPU.ActiveCfg = Debug|Any CPU
		{107AB9E8-4535-4BF5-A4CA-16C17EED0704}.Debug|Any CPU.Build.0 = Debug|Any CPU
		{107AB9E8-4535-4BF5-A4CA-16C17EED0704}.Release|Any CPU.ActiveCfg = Release|Any CPU
		{107AB9E8-4535-4BF5-A4CA-16C17EED0704}.Release|Any CPU.Build.0 = Release|Any CPU
		{EB72D828-A1DE-4A25-AD8C-AD7671B68FC5}.Debug|Any CPU.ActiveCfg = Debug|Any CPU
		{EB72D828-A1DE-4A25-AD8C-AD7671B68FC5}.Debug|Any CPU.Build.0 = Debug|Any CPU
		{EB72D828-A1DE-4A25-AD8C-AD7671B68FC5}.Release|Any CPU.ActiveCfg = Release|Any CPU
		{EB72D828-A1DE-4A25-AD8C-AD7671B68FC5}.Release|Any CPU.Build.0 = Release|Any CPU
	EndGlobalSection
	GlobalSection(SolutionProperties) = preSolution
		HideSolutionNode = FALSE
	EndGlobalSection
	GlobalSection(NestedProjects) = preSolution
		{70EECC17-1D6E-4A69-81D9-7140BF21DDBF} = {9C4E2AE6-D473-494E-88B1-43C74432CD82}
		{479B8354-C543-4C5B-AF3E-07A11B513000} = {9C4E2AE6-D473-494E-88B1-43C74432CD82}
		{7D014241-390B-4313-A9B5-CD35E5B3AF5D} = {9C4E2AE6-D473-494E-88B1-43C74432CD82}
		{4FCC4ECD-DCE7-471D-A042-085DB9CFAD55} = {9C4E2AE6-D473-494E-88B1-43C74432CD82}
		{378AA87A-4F04-454E-AB5D-37D2D03732A0} = {2828446C-67F2-4502-8EBC-B0E8C35EE25D}
		{59BD56F1-7B85-4655-AB25-BDE373EBACA1} = {2828446C-67F2-4502-8EBC-B0E8C35EE25D}
	EndGlobalSection
	GlobalSection(ExtensibilityGlobals) = postSolution
		SolutionGuid = {68DFDD9E-BEB0-424A-AB9F-11809F2AC9C8}
	EndGlobalSection
EndGlobal
